
Microsoft Visual Studio Solution File, Format Version 12.00
# Visual Studio 15
Project("{FAE04EC0-301F-11D3-BF4B-00C04F79EFBC}") = "Assembly-CSharp", "Assembly-CSharp.csproj", "{7DBF6E28-C6BC-DB96-7166-74289F8DEC22}"
EndProject
Project("{FAE04EC0-301F-11D3-BF4B-00C04F79EFBC}") = "Assembly-CSharp-Editor", "Assembly-CSharp-Editor.csproj", "{8E00F3E5-6301-A6DD-3A40-D60919A2E6F2}"
EndProject
Global
	GlobalSection(SolutionConfigurationPlatforms) = preSolution
		Debug|Any CPU = Debug|Any CPU
		Release|Any CPU = Release|Any CPU
	EndGlobalSection
	GlobalSection(ProjectConfigurationPlatforms) = postSolution
		{7DBF6E28-C6BC-DB96-7166-74289F8DEC22}.Debug|Any CPU.ActiveCfg = Debug|Any CPU
		{7DBF6E28-C6BC-DB96-7166-74289F8DEC22}.Debug|Any CPU.Build.0 = Debug|Any CPU
		{7DBF6E28-C6BC-DB96-7166-74289F8DEC22}.Release|Any CPU.ActiveCfg = Release|Any CPU
		{7DBF6E28-C6BC-DB96-7166-74289F8DEC22}.Release|Any CPU.Build.0 = Release|Any CPU
		{8E00F3E5-6301-A6DD-3A40-D60919A2E6F2}.Debug|Any CPU.ActiveCfg = Debug|Any CPU
		{8E00F3E5-6301-A6DD-3A40-D60919A2E6F2}.Debug|Any CPU.Build.0 = Debug|Any CPU
		{8E00F3E5-6301-A6DD-3A40-D60919A2E6F2}.Release|Any CPU.ActiveCfg = Release|Any CPU
		{8E00F3E5-6301-A6DD-3A40-D60919A2E6F2}.Release|Any CPU.Build.0 = Release|Any CPU
	EndGlobalSection
	GlobalSection(SolutionProperties) = preSolution
		HideSolutionNode = FALSE
	EndGlobalSection
EndGlobal
